// !$*UTF8*$!
{
	archiveVersion = 1;
	classes = {
	};
	objectVersion = 46;
	objects = {

/* Begin PBXAggregateTarget section */
		"Sledge::SledgePackageTests::ProductTarget" /* SledgePackageTests */ = {
			isa = PBXAggregateTarget;
			buildConfigurationList = OBJ_127 /* Build configuration list for PBXAggregateTarget "SledgePackageTests" */;
			buildPhases = (
			);
			dependencies = (
				OBJ_130 /* PBXTargetDependency */,
				OBJ_131 /* PBXTargetDependency */,
				OBJ_132 /* PBXTargetDependency */,
			);
			name = SledgePackageTests;
			productName = SledgePackageTests;
		};
/* End PBXAggregateTarget section */

/* Begin PBXBuildFile section */
		DC90F097223E8FF800A11507 /* Sequence+.swift in Sources */ = {isa = PBXBuildFile; fileRef = DC90F096223E8FF800A11507 /* Sequence+.swift */; };
		OBJ_102 /* SafeAccessibleTests.swift in Sources */ = {isa = PBXBuildFile; fileRef = OBJ_31 /* SafeAccessibleTests.swift */; };
		OBJ_104 /* SafeAccessible.framework in Frameworks */ = {isa = PBXBuildFile; fileRef = "Sledge::SafeAccessible::Product" /* SafeAccessible.framework */; };
		OBJ_111 /* SemVer.swift in Sources */ = {isa = PBXBuildFile; fileRef = OBJ_26 /* SemVer.swift */; };
		OBJ_118 /* Sledge.swift in Sources */ = {isa = PBXBuildFile; fileRef = OBJ_13 /* Sledge.swift */; };
		OBJ_125 /* Package.swift in Sources */ = {isa = PBXBuildFile; fileRef = OBJ_6 /* Package.swift */; };
		OBJ_138 /* SledgeTests.swift in Sources */ = {isa = PBXBuildFile; fileRef = OBJ_29 /* SledgeTests.swift */; };
		OBJ_140 /* Sledge.framework in Frameworks */ = {isa = PBXBuildFile; fileRef = "Sledge::Sledge::Product" /* Sledge.framework */; };
		OBJ_147 /* String+.swift in Sources */ = {isa = PBXBuildFile; fileRef = OBJ_9 /* String+.swift */; };
		OBJ_51 /* Collection+.swift in Sources */ = {isa = PBXBuildFile; fileRef = OBJ_17 /* Collection+.swift */; };
		OBJ_58 /* Core.swift in Sources */ = {isa = PBXBuildFile; fileRef = OBJ_23 /* Core.swift */; };
		OBJ_59 /* EmptyInitializable.swift in Sources */ = {isa = PBXBuildFile; fileRef = OBJ_24 /* EmptyInitializable.swift */; };
		OBJ_66 /* Generator.swift in Sources */ = {isa = PBXBuildFile; fileRef = OBJ_15 /* Generator.swift */; };
		OBJ_68 /* Core.framework in Frameworks */ = {isa = PBXBuildFile; fileRef = "Sledge::Core::Product" /* Core.framework */; };
		OBJ_75 /* GeneratorTests.swift in Sources */ = {isa = PBXBuildFile; fileRef = OBJ_33 /* GeneratorTests.swift */; };
		OBJ_77 /* Generator.framework in Frameworks */ = {isa = PBXBuildFile; fileRef = "Sledge::Generator::Product" /* Generator.framework */; };
		OBJ_78 /* Core.framework in Frameworks */ = {isa = PBXBuildFile; fileRef = "Sledge::Core::Product" /* Core.framework */; };
		OBJ_86 /* POSIX.swift in Sources */ = {isa = PBXBuildFile; fileRef = OBJ_11 /* POSIX.swift */; };
		OBJ_93 /* SafeAccessible.swift in Sources */ = {isa = PBXBuildFile; fileRef = OBJ_19 /* SafeAccessible.swift */; };
		OBJ_94 /* SafeCollection.swift in Sources */ = {isa = PBXBuildFile; fileRef = OBJ_20 /* SafeCollection.swift */; };
		OBJ_95 /* SafeIndexable.swift in Sources */ = {isa = PBXBuildFile; fileRef = OBJ_21 /* SafeIndexable.swift */; };
/* End PBXBuildFile section */

/* Begin PBXContainerItemProxy section */
		DC90F08E223E8F6300A11507 /* PBXContainerItemProxy */ = {
			isa = PBXContainerItemProxy;
			containerPortal = OBJ_1 /* Project object */;
			proxyType = 1;
			remoteGlobalIDString = "Sledge::Core";
			remoteInfo = Core;
		};
		DC90F08F223E8F6300A11507 /* PBXContainerItemProxy */ = {
			isa = PBXContainerItemProxy;
			containerPortal = OBJ_1 /* Project object */;
			proxyType = 1;
			remoteGlobalIDString = "Sledge::Sledge";
			remoteInfo = Sledge;
		};
		DC90F090223E8F6300A11507 /* PBXContainerItemProxy */ = {
			isa = PBXContainerItemProxy;
			containerPortal = OBJ_1 /* Project object */;
			proxyType = 1;
			remoteGlobalIDString = "Sledge::SafeAccessible";
			remoteInfo = SafeAccessible;
		};
		DC90F091223E8F6300A11507 /* PBXContainerItemProxy */ = {
			isa = PBXContainerItemProxy;
			containerPortal = OBJ_1 /* Project object */;
			proxyType = 1;
			remoteGlobalIDString = "Sledge::Generator";
			remoteInfo = Generator;
		};
		DC90F092223E8F6300A11507 /* PBXContainerItemProxy */ = {
			isa = PBXContainerItemProxy;
			containerPortal = OBJ_1 /* Project object */;
			proxyType = 1;
			remoteGlobalIDString = "Sledge::Core";
			remoteInfo = Core;
		};
		DC90F093223E8F6500A11507 /* PBXContainerItemProxy */ = {
			isa = PBXContainerItemProxy;
			containerPortal = OBJ_1 /* Project object */;
			proxyType = 1;
			remoteGlobalIDString = "Sledge::GeneratorTests";
			remoteInfo = GeneratorTests;
		};
		DC90F094223E8F6500A11507 /* PBXContainerItemProxy */ = {
			isa = PBXContainerItemProxy;
			containerPortal = OBJ_1 /* Project object */;
			proxyType = 1;
			remoteGlobalIDString = "Sledge::SafeAccessibleTests";
			remoteInfo = SafeAccessibleTests;
		};
		DC90F095223E8F6500A11507 /* PBXContainerItemProxy */ = {
			isa = PBXContainerItemProxy;
			containerPortal = OBJ_1 /* Project object */;
			proxyType = 1;
			remoteGlobalIDString = "Sledge::SledgeTests";
			remoteInfo = SledgeTests;
		};
/* End PBXContainerItemProxy section */

/* Begin PBXFileReference section */
		DC90F096223E8FF800A11507 /* Sequence+.swift */ = {isa = PBXFileReference; lastKnownFileType = sourcecode.swift; path = "Sequence+.swift"; sourceTree = "<group>"; };
		OBJ_11 /* POSIX.swift */ = {isa = PBXFileReference; lastKnownFileType = sourcecode.swift; path = POSIX.swift; sourceTree = "<group>"; };
		OBJ_13 /* Sledge.swift */ = {isa = PBXFileReference; lastKnownFileType = sourcecode.swift; path = Sledge.swift; sourceTree = "<group>"; };
		OBJ_15 /* Generator.swift */ = {isa = PBXFileReference; lastKnownFileType = sourcecode.swift; path = Generator.swift; sourceTree = "<group>"; };
		OBJ_17 /* Collection+.swift */ = {isa = PBXFileReference; lastKnownFileType = sourcecode.swift; path = "Collection+.swift"; sourceTree = "<group>"; };
		OBJ_19 /* SafeAccessible.swift */ = {isa = PBXFileReference; lastKnownFileType = sourcecode.swift; path = SafeAccessible.swift; sourceTree = "<group>"; };
		OBJ_20 /* SafeCollection.swift */ = {isa = PBXFileReference; lastKnownFileType = sourcecode.swift; path = SafeCollection.swift; sourceTree = "<group>"; };
		OBJ_21 /* SafeIndexable.swift */ = {isa = PBXFileReference; lastKnownFileType = sourcecode.swift; path = SafeIndexable.swift; sourceTree = "<group>"; };
		OBJ_23 /* Core.swift */ = {isa = PBXFileReference; lastKnownFileType = sourcecode.swift; path = Core.swift; sourceTree = "<group>"; };
		OBJ_24 /* EmptyInitializable.swift */ = {isa = PBXFileReference; lastKnownFileType = sourcecode.swift; path = EmptyInitializable.swift; sourceTree = "<group>"; };
		OBJ_26 /* SemVer.swift */ = {isa = PBXFileReference; lastKnownFileType = sourcecode.swift; path = SemVer.swift; sourceTree = "<group>"; };
		OBJ_29 /* SledgeTests.swift */ = {isa = PBXFileReference; lastKnownFileType = sourcecode.swift; path = SledgeTests.swift; sourceTree = "<group>"; };
		OBJ_31 /* SafeAccessibleTests.swift */ = {isa = PBXFileReference; lastKnownFileType = sourcecode.swift; path = SafeAccessibleTests.swift; sourceTree = "<group>"; };
		OBJ_33 /* GeneratorTests.swift */ = {isa = PBXFileReference; lastKnownFileType = sourcecode.swift; path = GeneratorTests.swift; sourceTree = "<group>"; };
		OBJ_6 /* Package.swift */ = {isa = PBXFileReference; explicitFileType = sourcecode.swift; path = Package.swift; sourceTree = "<group>"; };
		OBJ_9 /* String+.swift */ = {isa = PBXFileReference; lastKnownFileType = sourcecode.swift; path = "String+.swift"; sourceTree = "<group>"; };
		"Sledge::CollectionPlus::Product" /* CollectionPlus.framework */ = {isa = PBXFileReference; lastKnownFileType = wrapper.framework; path = CollectionPlus.framework; sourceTree = BUILT_PRODUCTS_DIR; };
		"Sledge::Core::Product" /* Core.framework */ = {isa = PBXFileReference; lastKnownFileType = wrapper.framework; path = Core.framework; sourceTree = BUILT_PRODUCTS_DIR; };
		"Sledge::Generator::Product" /* Generator.framework */ = {isa = PBXFileReference; lastKnownFileType = wrapper.framework; path = Generator.framework; sourceTree = BUILT_PRODUCTS_DIR; };
		"Sledge::GeneratorTests::Product" /* GeneratorTests.xctest */ = {isa = PBXFileReference; lastKnownFileType = file; path = GeneratorTests.xctest; sourceTree = BUILT_PRODUCTS_DIR; };
		"Sledge::POSIX::Product" /* POSIX.framework */ = {isa = PBXFileReference; lastKnownFileType = wrapper.framework; path = POSIX.framework; sourceTree = BUILT_PRODUCTS_DIR; };
		"Sledge::SafeAccessible::Product" /* SafeAccessible.framework */ = {isa = PBXFileReference; lastKnownFileType = wrapper.framework; path = SafeAccessible.framework; sourceTree = BUILT_PRODUCTS_DIR; };
		"Sledge::SafeAccessibleTests::Product" /* SafeAccessibleTests.xctest */ = {isa = PBXFileReference; lastKnownFileType = file; path = SafeAccessibleTests.xctest; sourceTree = BUILT_PRODUCTS_DIR; };
		"Sledge::SemVer::Product" /* SemVer.framework */ = {isa = PBXFileReference; lastKnownFileType = wrapper.framework; path = SemVer.framework; sourceTree = BUILT_PRODUCTS_DIR; };
		"Sledge::Sledge::Product" /* Sledge.framework */ = {isa = PBXFileReference; lastKnownFileType = wrapper.framework; path = Sledge.framework; sourceTree = BUILT_PRODUCTS_DIR; };
		"Sledge::SledgeTests::Product" /* SledgeTests.xctest */ = {isa = PBXFileReference; lastKnownFileType = file; path = SledgeTests.xctest; sourceTree = BUILT_PRODUCTS_DIR; };
		"Sledge::StringPlus::Product" /* StringPlus.framework */ = {isa = PBXFileReference; lastKnownFileType = wrapper.framework; path = StringPlus.framework; sourceTree = BUILT_PRODUCTS_DIR; };
/* End PBXFileReference section */

/* Begin PBXFrameworksBuildPhase section */
		OBJ_103 /* Frameworks */ = {
			isa = PBXFrameworksBuildPhase;
			buildActionMask = 0;
			files = (
				OBJ_104 /* SafeAccessible.framework in Frameworks */,
			);
			runOnlyForDeploymentPostprocessing = 0;
		};
		OBJ_112 /* Frameworks */ = {
			isa = PBXFrameworksBuildPhase;
			buildActionMask = 0;
			files = (
			);
			runOnlyForDeploymentPostprocessing = 0;
		};
		OBJ_119 /* Frameworks */ = {
			isa = PBXFrameworksBuildPhase;
			buildActionMask = 0;
			files = (
			);
			runOnlyForDeploymentPostprocessing = 0;
		};
		OBJ_139 /* Frameworks */ = {
			isa = PBXFrameworksBuildPhase;
			buildActionMask = 0;
			files = (
				OBJ_140 /* Sledge.framework in Frameworks */,
			);
			runOnlyForDeploymentPostprocessing = 0;
		};
		OBJ_148 /* Frameworks */ = {
			isa = PBXFrameworksBuildPhase;
			buildActionMask = 0;
			files = (
			);
			runOnlyForDeploymentPostprocessing = 0;
		};
		OBJ_52 /* Frameworks */ = {
			isa = PBXFrameworksBuildPhase;
			buildActionMask = 0;
			files = (
			);
			runOnlyForDeploymentPostprocessing = 0;
		};
		OBJ_60 /* Frameworks */ = {
			isa = PBXFrameworksBuildPhase;
			buildActionMask = 0;
			files = (
			);
			runOnlyForDeploymentPostprocessing = 0;
		};
		OBJ_67 /* Frameworks */ = {
			isa = PBXFrameworksBuildPhase;
			buildActionMask = 0;
			files = (
				OBJ_68 /* Core.framework in Frameworks */,
			);
			runOnlyForDeploymentPostprocessing = 0;
		};
		OBJ_76 /* Frameworks */ = {
			isa = PBXFrameworksBuildPhase;
			buildActionMask = 0;
			files = (
				OBJ_77 /* Generator.framework in Frameworks */,
				OBJ_78 /* Core.framework in Frameworks */,
			);
			runOnlyForDeploymentPostprocessing = 0;
		};
		OBJ_87 /* Frameworks */ = {
			isa = PBXFrameworksBuildPhase;
			buildActionMask = 0;
			files = (
			);
			runOnlyForDeploymentPostprocessing = 0;
		};
		OBJ_96 /* Frameworks */ = {
			isa = PBXFrameworksBuildPhase;
			buildActionMask = 0;
			files = (
			);
			runOnlyForDeploymentPostprocessing = 0;
		};
/* End PBXFrameworksBuildPhase section */

/* Begin PBXGroup section */
		OBJ_10 /* POSIX */ = {
			isa = PBXGroup;
			children = (
				OBJ_11 /* POSIX.swift */,
			);
			name = POSIX;
			path = Sources/POSIX;
			sourceTree = SOURCE_ROOT;
		};
		OBJ_12 /* Sledge */ = {
			isa = PBXGroup;
			children = (
				OBJ_13 /* Sledge.swift */,
			);
			name = Sledge;
			path = Sources/Sledge;
			sourceTree = SOURCE_ROOT;
		};
		OBJ_14 /* Generator */ = {
			isa = PBXGroup;
			children = (
				OBJ_15 /* Generator.swift */,
			);
			name = Generator;
			path = Sources/Generator;
			sourceTree = SOURCE_ROOT;
		};
		OBJ_16 /* CollectionPlus */ = {
			isa = PBXGroup;
			children = (
				OBJ_17 /* Collection+.swift */,
				DC90F096223E8FF800A11507 /* Sequence+.swift */,
			);
			name = CollectionPlus;
			path = "Sources/Plus/Collection+";
			sourceTree = SOURCE_ROOT;
		};
		OBJ_18 /* SafeAccessible */ = {
			isa = PBXGroup;
			children = (
				OBJ_19 /* SafeAccessible.swift */,
				OBJ_20 /* SafeCollection.swift */,
				OBJ_21 /* SafeIndexable.swift */,
			);
			name = SafeAccessible;
			path = Sources/SafeAccessible;
			sourceTree = SOURCE_ROOT;
		};
		OBJ_22 /* Core */ = {
			isa = PBXGroup;
			children = (
				OBJ_23 /* Core.swift */,
				OBJ_24 /* EmptyInitializable.swift */,
			);
			name = Core;
			path = Sources/Core;
			sourceTree = SOURCE_ROOT;
		};
		OBJ_25 /* SemVer */ = {
			isa = PBXGroup;
			children = (
				OBJ_26 /* SemVer.swift */,
			);
			name = SemVer;
			path = Sources/SemVer;
			sourceTree = SOURCE_ROOT;
		};
		OBJ_27 /* Tests */ = {
			isa = PBXGroup;
			children = (
				OBJ_28 /* SledgeTests */,
				OBJ_30 /* SafeAccessibleTests */,
				OBJ_32 /* GeneratorTests */,
			);
			name = Tests;
			sourceTree = SOURCE_ROOT;
		};
		OBJ_28 /* SledgeTests */ = {
			isa = PBXGroup;
			children = (
				OBJ_29 /* SledgeTests.swift */,
			);
			name = SledgeTests;
			path = Tests/SledgeTests;
			sourceTree = SOURCE_ROOT;
		};
		OBJ_30 /* SafeAccessibleTests */ = {
			isa = PBXGroup;
			children = (
				OBJ_31 /* SafeAccessibleTests.swift */,
			);
			name = SafeAccessibleTests;
			path = Tests/SafeAccessibleTests;
			sourceTree = SOURCE_ROOT;
		};
		OBJ_32 /* GeneratorTests */ = {
			isa = PBXGroup;
			children = (
				OBJ_33 /* GeneratorTests.swift */,
			);
			name = GeneratorTests;
			path = Tests/GeneratorTests;
			sourceTree = SOURCE_ROOT;
		};
		OBJ_34 /* Products */ = {
			isa = PBXGroup;
			children = (
				"Sledge::Core::Product" /* Core.framework */,
				"Sledge::Sledge::Product" /* Sledge.framework */,
				"Sledge::SafeAccessible::Product" /* SafeAccessible.framework */,
				"Sledge::SemVer::Product" /* SemVer.framework */,
				"Sledge::CollectionPlus::Product" /* CollectionPlus.framework */,
				"Sledge::SafeAccessibleTests::Product" /* SafeAccessibleTests.xctest */,
				"Sledge::GeneratorTests::Product" /* GeneratorTests.xctest */,
				"Sledge::StringPlus::Product" /* StringPlus.framework */,
				"Sledge::SledgeTests::Product" /* SledgeTests.xctest */,
				"Sledge::POSIX::Product" /* POSIX.framework */,
				"Sledge::Generator::Product" /* Generator.framework */,
			);
			name = Products;
			sourceTree = BUILT_PRODUCTS_DIR;
		};
		OBJ_5 /*  */ = {
			isa = PBXGroup;
			children = (
				OBJ_6 /* Package.swift */,
				OBJ_7 /* Sources */,
				OBJ_27 /* Tests */,
				OBJ_34 /* Products */,
			);
			name = "";
			sourceTree = "<group>";
		};
		OBJ_7 /* Sources */ = {
			isa = PBXGroup;
			children = (
				OBJ_8 /* StringPlus */,
				OBJ_10 /* POSIX */,
				OBJ_12 /* Sledge */,
				OBJ_14 /* Generator */,
				OBJ_16 /* CollectionPlus */,
				OBJ_18 /* SafeAccessible */,
				OBJ_22 /* Core */,
				OBJ_25 /* SemVer */,
			);
			name = Sources;
			sourceTree = SOURCE_ROOT;
		};
		OBJ_8 /* StringPlus */ = {
			isa = PBXGroup;
			children = (
				OBJ_9 /* String+.swift */,
			);
			name = StringPlus;
			path = "Sources/Plus/String+";
			sourceTree = SOURCE_ROOT;
		};
/* End PBXGroup section */

/* Begin PBXNativeTarget section */
		"Sledge::CollectionPlus" /* CollectionPlus */ = {
			isa = PBXNativeTarget;
			buildConfigurationList = OBJ_47 /* Build configuration list for PBXNativeTarget "CollectionPlus" */;
			buildPhases = (
				OBJ_50 /* Sources */,
				OBJ_52 /* Frameworks */,
			);
			buildRules = (
			);
			dependencies = (
			);
			name = CollectionPlus;
			productName = CollectionPlus;
			productReference = "Sledge::CollectionPlus::Product" /* CollectionPlus.framework */;
			productType = "com.apple.product-type.framework";
		};
		"Sledge::Core" /* Core */ = {
			isa = PBXNativeTarget;
			buildConfigurationList = OBJ_54 /* Build configuration list for PBXNativeTarget "Core" */;
			buildPhases = (
				OBJ_57 /* Sources */,
				OBJ_60 /* Frameworks */,
			);
			buildRules = (
			);
			dependencies = (
			);
			name = Core;
			productName = Core;
			productReference = "Sledge::Core::Product" /* Core.framework */;
			productType = "com.apple.product-type.framework";
		};
		"Sledge::Generator" /* Generator */ = {
			isa = PBXNativeTarget;
			buildConfigurationList = OBJ_62 /* Build configuration list for PBXNativeTarget "Generator" */;
			buildPhases = (
				OBJ_65 /* Sources */,
				OBJ_67 /* Frameworks */,
			);
			buildRules = (
			);
			dependencies = (
				OBJ_69 /* PBXTargetDependency */,
			);
			name = Generator;
			productName = Generator;
			productReference = "Sledge::Generator::Product" /* Generator.framework */;
			productType = "com.apple.product-type.framework";
		};
		"Sledge::GeneratorTests" /* GeneratorTests */ = {
			isa = PBXNativeTarget;
			buildConfigurationList = OBJ_71 /* Build configuration list for PBXNativeTarget "GeneratorTests" */;
			buildPhases = (
				OBJ_74 /* Sources */,
				OBJ_76 /* Frameworks */,
			);
			buildRules = (
			);
			dependencies = (
				OBJ_79 /* PBXTargetDependency */,
				OBJ_80 /* PBXTargetDependency */,
			);
			name = GeneratorTests;
			productName = GeneratorTests;
			productReference = "Sledge::GeneratorTests::Product" /* GeneratorTests.xctest */;
			productType = "com.apple.product-type.bundle.unit-test";
		};
		"Sledge::POSIX" /* POSIX */ = {
			isa = PBXNativeTarget;
			buildConfigurationList = OBJ_82 /* Build configuration list for PBXNativeTarget "POSIX" */;
			buildPhases = (
				OBJ_85 /* Sources */,
				OBJ_87 /* Frameworks */,
			);
			buildRules = (
			);
			dependencies = (
			);
			name = POSIX;
			productName = POSIX;
			productReference = "Sledge::POSIX::Product" /* POSIX.framework */;
			productType = "com.apple.product-type.framework";
		};
		"Sledge::SafeAccessible" /* SafeAccessible */ = {
			isa = PBXNativeTarget;
			buildConfigurationList = OBJ_89 /* Build configuration list for PBXNativeTarget "SafeAccessible" */;
			buildPhases = (
				OBJ_92 /* Sources */,
				OBJ_96 /* Frameworks */,
			);
			buildRules = (
			);
			dependencies = (
			);
			name = SafeAccessible;
			productName = SafeAccessible;
			productReference = "Sledge::SafeAccessible::Product" /* SafeAccessible.framework */;
			productType = "com.apple.product-type.framework";
		};
		"Sledge::SafeAccessibleTests" /* SafeAccessibleTests */ = {
			isa = PBXNativeTarget;
			buildConfigurationList = OBJ_98 /* Build configuration list for PBXNativeTarget "SafeAccessibleTests" */;
			buildPhases = (
				OBJ_101 /* Sources */,
				OBJ_103 /* Frameworks */,
			);
			buildRules = (
			);
			dependencies = (
				OBJ_105 /* PBXTargetDependency */,
			);
			name = SafeAccessibleTests;
			productName = SafeAccessibleTests;
			productReference = "Sledge::SafeAccessibleTests::Product" /* SafeAccessibleTests.xctest */;
			productType = "com.apple.product-type.bundle.unit-test";
		};
		"Sledge::SemVer" /* SemVer */ = {
			isa = PBXNativeTarget;
			buildConfigurationList = OBJ_107 /* Build configuration list for PBXNativeTarget "SemVer" */;
			buildPhases = (
				OBJ_110 /* Sources */,
				OBJ_112 /* Frameworks */,
			);
			buildRules = (
			);
			dependencies = (
			);
			name = SemVer;
			productName = SemVer;
			productReference = "Sledge::SemVer::Product" /* SemVer.framework */;
			productType = "com.apple.product-type.framework";
		};
		"Sledge::Sledge" /* Sledge */ = {
			isa = PBXNativeTarget;
			buildConfigurationList = OBJ_114 /* Build configuration list for PBXNativeTarget "Sledge" */;
			buildPhases = (
				OBJ_117 /* Sources */,
				OBJ_119 /* Frameworks */,
			);
			buildRules = (
			);
			dependencies = (
			);
			name = Sledge;
			productName = Sledge;
			productReference = "Sledge::Sledge::Product" /* Sledge.framework */;
			productType = "com.apple.product-type.framework";
		};
		"Sledge::SledgeTests" /* SledgeTests */ = {
			isa = PBXNativeTarget;
			buildConfigurationList = OBJ_134 /* Build configuration list for PBXNativeTarget "SledgeTests" */;
			buildPhases = (
				OBJ_137 /* Sources */,
				OBJ_139 /* Frameworks */,
			);
			buildRules = (
			);
			dependencies = (
				OBJ_141 /* PBXTargetDependency */,
			);
			name = SledgeTests;
			productName = SledgeTests;
			productReference = "Sledge::SledgeTests::Product" /* SledgeTests.xctest */;
			productType = "com.apple.product-type.bundle.unit-test";
		};
		"Sledge::StringPlus" /* StringPlus */ = {
			isa = PBXNativeTarget;
			buildConfigurationList = OBJ_143 /* Build configuration list for PBXNativeTarget "StringPlus" */;
			buildPhases = (
				OBJ_146 /* Sources */,
				OBJ_148 /* Frameworks */,
			);
			buildRules = (
			);
			dependencies = (
			);
			name = StringPlus;
			productName = StringPlus;
			productReference = "Sledge::StringPlus::Product" /* StringPlus.framework */;
			productType = "com.apple.product-type.framework";
		};
		"Sledge::SwiftPMPackageDescription" /* SledgePackageDescription */ = {
			isa = PBXNativeTarget;
			buildConfigurationList = OBJ_121 /* Build configuration list for PBXNativeTarget "SledgePackageDescription" */;
			buildPhases = (
				OBJ_124 /* Sources */,
			);
			buildRules = (
			);
			dependencies = (
			);
			name = SledgePackageDescription;
			productName = SledgePackageDescription;
			productType = "com.apple.product-type.framework";
		};
/* End PBXNativeTarget section */

/* Begin PBXProject section */
		OBJ_1 /* Project object */ = {
			isa = PBXProject;
			attributes = {
				LastUpgradeCheck = 9999;
			};
			buildConfigurationList = OBJ_2 /* Build configuration list for PBXProject "Sledge" */;
			compatibilityVersion = "Xcode 3.2";
			developmentRegion = English;
			hasScannedForEncodings = 0;
			knownRegions = (
				en,
			);
			mainGroup = OBJ_5 /*  */;
			productRefGroup = OBJ_34 /* Products */;
			projectDirPath = "";
			projectRoot = "";
			targets = (
				"Sledge::CollectionPlus" /* CollectionPlus */,
				"Sledge::Core" /* Core */,
				"Sledge::Generator" /* Generator */,
				"Sledge::GeneratorTests" /* GeneratorTests */,
				"Sledge::POSIX" /* POSIX */,
				"Sledge::SafeAccessible" /* SafeAccessible */,
				"Sledge::SafeAccessibleTests" /* SafeAccessibleTests */,
				"Sledge::SemVer" /* SemVer */,
				"Sledge::Sledge" /* Sledge */,
				"Sledge::SwiftPMPackageDescription" /* SledgePackageDescription */,
				"Sledge::SledgePackageTests::ProductTarget" /* SledgePackageTests */,
				"Sledge::SledgeTests" /* SledgeTests */,
				"Sledge::StringPlus" /* StringPlus */,
			);
		};
/* End PBXProject section */

/* Begin PBXSourcesBuildPhase section */
		OBJ_101 /* Sources */ = {
			isa = PBXSourcesBuildPhase;
			buildActionMask = 0;
			files = (
				OBJ_102 /* SafeAccessibleTests.swift in Sources */,
			);
			runOnlyForDeploymentPostprocessing = 0;
		};
		OBJ_110 /* Sources */ = {
			isa = PBXSourcesBuildPhase;
			buildActionMask = 0;
			files = (
				OBJ_111 /* SemVer.swift in Sources */,
			);
			runOnlyForDeploymentPostprocessing = 0;
		};
		OBJ_117 /* Sources */ = {
			isa = PBXSourcesBuildPhase;
			buildActionMask = 0;
			files = (
				OBJ_118 /* Sledge.swift in Sources */,
			);
			runOnlyForDeploymentPostprocessing = 0;
		};
		OBJ_124 /* Sources */ = {
			isa = PBXSourcesBuildPhase;
			buildActionMask = 0;
			files = (
				OBJ_125 /* Package.swift in Sources */,
			);
			runOnlyForDeploymentPostprocessing = 0;
		};
		OBJ_137 /* Sources */ = {
			isa = PBXSourcesBuildPhase;
			buildActionMask = 0;
			files = (
				OBJ_138 /* SledgeTests.swift in Sources */,
			);
			runOnlyForDeploymentPostprocessing = 0;
		};
		OBJ_146 /* Sources */ = {
			isa = PBXSourcesBuildPhase;
			buildActionMask = 0;
			files = (
				OBJ_147 /* String+.swift in Sources */,
			);
			runOnlyForDeploymentPostprocessing = 0;
		};
		OBJ_50 /* Sources */ = {
			isa = PBXSourcesBuildPhase;
			buildActionMask = 0;
			files = (
				DC90F097223E8FF800A11507 /* Sequence+.swift in Sources */,
				OBJ_51 /* Collection+.swift in Sources */,
			);
			runOnlyForDeploymentPostprocessing = 0;
		};
		OBJ_57 /* Sources */ = {
			isa = PBXSourcesBuildPhase;
			buildActionMask = 0;
			files = (
				OBJ_58 /* Core.swift in Sources */,
				OBJ_59 /* EmptyInitializable.swift in Sources */,
			);
			runOnlyForDeploymentPostprocessing = 0;
		};
		OBJ_65 /* Sources */ = {
			isa = PBXSourcesBuildPhase;
			buildActionMask = 0;
			files = (
				OBJ_66 /* Generator.swift in Sources */,
			);
			runOnlyForDeploymentPostprocessing = 0;
		};
		OBJ_74 /* Sources */ = {
			isa = PBXSourcesBuildPhase;
			buildActionMask = 0;
			files = (
				OBJ_75 /* GeneratorTests.swift in Sources */,
			);
			runOnlyForDeploymentPostprocessing = 0;
		};
		OBJ_85 /* Sources */ = {
			isa = PBXSourcesBuildPhase;
			buildActionMask = 0;
			files = (
				OBJ_86 /* POSIX.swift in Sources */,
			);
			runOnlyForDeploymentPostprocessing = 0;
		};
		OBJ_92 /* Sources */ = {
			isa = PBXSourcesBuildPhase;
			buildActionMask = 0;
			files = (
				OBJ_93 /* SafeAccessible.swift in Sources */,
				OBJ_94 /* SafeCollection.swift in Sources */,
				OBJ_95 /* SafeIndexable.swift in Sources */,
			);
			runOnlyForDeploymentPostprocessing = 0;
		};
/* End PBXSourcesBuildPhase section */

/* Begin PBXTargetDependency section */
		OBJ_105 /* PBXTargetDependency */ = {
			isa = PBXTargetDependency;
			target = "Sledge::SafeAccessible" /* SafeAccessible */;
			targetProxy = DC90F090223E8F6300A11507 /* PBXContainerItemProxy */;
		};
		OBJ_130 /* PBXTargetDependency */ = {
			isa = PBXTargetDependency;
			target = "Sledge::GeneratorTests" /* GeneratorTests */;
			targetProxy = DC90F093223E8F6500A11507 /* PBXContainerItemProxy */;
		};
		OBJ_131 /* PBXTargetDependency */ = {
			isa = PBXTargetDependency;
			target = "Sledge::SafeAccessibleTests" /* SafeAccessibleTests */;
			targetProxy = DC90F094223E8F6500A11507 /* PBXContainerItemProxy */;
		};
		OBJ_132 /* PBXTargetDependency */ = {
			isa = PBXTargetDependency;
			target = "Sledge::SledgeTests" /* SledgeTests */;
			targetProxy = DC90F095223E8F6500A11507 /* PBXContainerItemProxy */;
		};
		OBJ_141 /* PBXTargetDependency */ = {
			isa = PBXTargetDependency;
			target = "Sledge::Sledge" /* Sledge */;
			targetProxy = DC90F08F223E8F6300A11507 /* PBXContainerItemProxy */;
		};
		OBJ_69 /* PBXTargetDependency */ = {
			isa = PBXTargetDependency;
			target = "Sledge::Core" /* Core */;
			targetProxy = DC90F08E223E8F6300A11507 /* PBXContainerItemProxy */;
		};
		OBJ_79 /* PBXTargetDependency */ = {
			isa = PBXTargetDependency;
			target = "Sledge::Generator" /* Generator */;
			targetProxy = DC90F091223E8F6300A11507 /* PBXContainerItemProxy */;
		};
		OBJ_80 /* PBXTargetDependency */ = {
			isa = PBXTargetDependency;
			target = "Sledge::Core" /* Core */;
			targetProxy = DC90F092223E8F6300A11507 /* PBXContainerItemProxy */;
		};
/* End PBXTargetDependency section */

/* Begin XCBuildConfiguration section */
		OBJ_100 /* Release */ = {
			isa = XCBuildConfiguration;
			buildSettings = {
				CLANG_ENABLE_MODULES = YES;
				EMBEDDED_CONTENT_CONTAINS_SWIFT = YES;
				FRAMEWORK_SEARCH_PATHS = (
					"$(inherited)",
					"$(PLATFORM_DIR)/Developer/Library/Frameworks",
				);
				HEADER_SEARCH_PATHS = "$(inherited)";
				INFOPLIST_FILE = Sledge.xcodeproj/SafeAccessibleTests_Info.plist;
				LD_RUNPATH_SEARCH_PATHS = "$(inherited) @loader_path/../Frameworks @loader_path/Frameworks";
				OTHER_CFLAGS = "$(inherited)";
				OTHER_LDFLAGS = "$(inherited)";
				OTHER_SWIFT_FLAGS = "$(inherited)";
				SWIFT_ACTIVE_COMPILATION_CONDITIONS = "$(inherited)";
				SWIFT_VERSION = 4.0;
				TARGET_NAME = SafeAccessibleTests;
			};
			name = Release;
		};
		OBJ_108 /* Debug */ = {
			isa = XCBuildConfiguration;
			buildSettings = {
				ENABLE_TESTABILITY = YES;
				FRAMEWORK_SEARCH_PATHS = (
					"$(inherited)",
					"$(PLATFORM_DIR)/Developer/Library/Frameworks",
				);
				HEADER_SEARCH_PATHS = "$(inherited)";
				INFOPLIST_FILE = Sledge.xcodeproj/SemVer_Info.plist;
				LD_RUNPATH_SEARCH_PATHS = "$(inherited) $(TOOLCHAIN_DIR)/usr/lib/swift/macosx";
				OTHER_CFLAGS = "$(inherited)";
				OTHER_LDFLAGS = "$(inherited)";
				OTHER_SWIFT_FLAGS = "$(inherited)";
				PRODUCT_BUNDLE_IDENTIFIER = SemVer;
				PRODUCT_MODULE_NAME = "$(TARGET_NAME:c99extidentifier)";
				PRODUCT_NAME = "$(TARGET_NAME:c99extidentifier)";
				SKIP_INSTALL = YES;
				SWIFT_ACTIVE_COMPILATION_CONDITIONS = "$(inherited)";
				SWIFT_VERSION = 4.0;
				TARGET_NAME = SemVer;
			};
			name = Debug;
		};
		OBJ_109 /* Release */ = {
			isa = XCBuildConfiguration;
			buildSettings = {
				ENABLE_TESTABILITY = YES;
				FRAMEWORK_SEARCH_PATHS = (
					"$(inherited)",
					"$(PLATFORM_DIR)/Developer/Library/Frameworks",
				);
				HEADER_SEARCH_PATHS = "$(inherited)";
				INFOPLIST_FILE = Sledge.xcodeproj/SemVer_Info.plist;
				LD_RUNPATH_SEARCH_PATHS = "$(inherited) $(TOOLCHAIN_DIR)/usr/lib/swift/macosx";
				OTHER_CFLAGS = "$(inherited)";
				OTHER_LDFLAGS = "$(inherited)";
				OTHER_SWIFT_FLAGS = "$(inherited)";
				PRODUCT_BUNDLE_IDENTIFIER = SemVer;
				PRODUCT_MODULE_NAME = "$(TARGET_NAME:c99extidentifier)";
				PRODUCT_NAME = "$(TARGET_NAME:c99extidentifier)";
				SKIP_INSTALL = YES;
				SWIFT_ACTIVE_COMPILATION_CONDITIONS = "$(inherited)";
				SWIFT_VERSION = 4.0;
				TARGET_NAME = SemVer;
			};
			name = Release;
		};
		OBJ_115 /* Debug */ = {
			isa = XCBuildConfiguration;
			buildSettings = {
				ENABLE_TESTABILITY = YES;
				FRAMEWORK_SEARCH_PATHS = (
					"$(inherited)",
					"$(PLATFORM_DIR)/Developer/Library/Frameworks",
				);
				HEADER_SEARCH_PATHS = "$(inherited)";
				INFOPLIST_FILE = Sledge.xcodeproj/Sledge_Info.plist;
				LD_RUNPATH_SEARCH_PATHS = "$(inherited) $(TOOLCHAIN_DIR)/usr/lib/swift/macosx";
				OTHER_CFLAGS = "$(inherited)";
				OTHER_LDFLAGS = "$(inherited)";
				OTHER_SWIFT_FLAGS = "$(inherited)";
				PRODUCT_BUNDLE_IDENTIFIER = Sledge;
				PRODUCT_MODULE_NAME = "$(TARGET_NAME:c99extidentifier)";
				PRODUCT_NAME = "$(TARGET_NAME:c99extidentifier)";
				SKIP_INSTALL = YES;
				SWIFT_ACTIVE_COMPILATION_CONDITIONS = "$(inherited)";
				SWIFT_VERSION = 4.0;
				TARGET_NAME = Sledge;
			};
			name = Debug;
		};
		OBJ_116 /* Release */ = {
			isa = XCBuildConfiguration;
			buildSettings = {
				ENABLE_TESTABILITY = YES;
				FRAMEWORK_SEARCH_PATHS = (
					"$(inherited)",
					"$(PLATFORM_DIR)/Developer/Library/Frameworks",
				);
				HEADER_SEARCH_PATHS = "$(inherited)";
				INFOPLIST_FILE = Sledge.xcodeproj/Sledge_Info.plist;
				LD_RUNPATH_SEARCH_PATHS = "$(inherited) $(TOOLCHAIN_DIR)/usr/lib/swift/macosx";
				OTHER_CFLAGS = "$(inherited)";
				OTHER_LDFLAGS = "$(inherited)";
				OTHER_SWIFT_FLAGS = "$(inherited)";
				PRODUCT_BUNDLE_IDENTIFIER = Sledge;
				PRODUCT_MODULE_NAME = "$(TARGET_NAME:c99extidentifier)";
				PRODUCT_NAME = "$(TARGET_NAME:c99extidentifier)";
				SKIP_INSTALL = YES;
				SWIFT_ACTIVE_COMPILATION_CONDITIONS = "$(inherited)";
				SWIFT_VERSION = 4.0;
				TARGET_NAME = Sledge;
			};
			name = Release;
		};
		OBJ_122 /* Debug */ = {
			isa = XCBuildConfiguration;
			buildSettings = {
				LD = /usr/bin/true;
				OTHER_SWIFT_FLAGS = "-swift-version 4 -I $(TOOLCHAIN_DIR)/usr/lib/swift/pm/4 -target x86_64-apple-macosx10.10 -sdk /Applications/Xcode.app/Contents/Developer/Platforms/MacOSX.platform/Developer/SDKs/MacOSX10.14.sdk";
				SWIFT_VERSION = 4.0;
			};
			name = Debug;
		};
		OBJ_123 /* Release */ = {
			isa = XCBuildConfiguration;
			buildSettings = {
				LD = /usr/bin/true;
				OTHER_SWIFT_FLAGS = "-swift-version 4 -I $(TOOLCHAIN_DIR)/usr/lib/swift/pm/4 -target x86_64-apple-macosx10.10 -sdk /Applications/Xcode.app/Contents/Developer/Platforms/MacOSX.platform/Developer/SDKs/MacOSX10.14.sdk";
				SWIFT_VERSION = 4.0;
			};
			name = Release;
		};
		OBJ_128 /* Debug */ = {
			isa = XCBuildConfiguration;
			buildSettings = {
			};
			name = Debug;
		};
		OBJ_129 /* Release */ = {
			isa = XCBuildConfiguration;
			buildSettings = {
			};
			name = Release;
		};
		OBJ_135 /* Debug */ = {
			isa = XCBuildConfiguration;
			buildSettings = {
				CLANG_ENABLE_MODULES = YES;
				EMBEDDED_CONTENT_CONTAINS_SWIFT = YES;
				FRAMEWORK_SEARCH_PATHS = (
					"$(inherited)",
					"$(PLATFORM_DIR)/Developer/Library/Frameworks",
				);
				HEADER_SEARCH_PATHS = "$(inherited)";
				INFOPLIST_FILE = Sledge.xcodeproj/SledgeTests_Info.plist;
				LD_RUNPATH_SEARCH_PATHS = "$(inherited) @loader_path/../Frameworks @loader_path/Frameworks";
				OTHER_CFLAGS = "$(inherited)";
				OTHER_LDFLAGS = "$(inherited)";
				OTHER_SWIFT_FLAGS = "$(inherited)";
				SWIFT_ACTIVE_COMPILATION_CONDITIONS = "$(inherited)";
				SWIFT_VERSION = 4.0;
				TARGET_NAME = SledgeTests;
			};
			name = Debug;
		};
		OBJ_136 /* Release */ = {
			isa = XCBuildConfiguration;
			buildSettings = {
				CLANG_ENABLE_MODULES = YES;
				EMBEDDED_CONTENT_CONTAINS_SWIFT = YES;
				FRAMEWORK_SEARCH_PATHS = (
					"$(inherited)",
					"$(PLATFORM_DIR)/Developer/Library/Frameworks",
				);
				HEADER_SEARCH_PATHS = "$(inherited)";
				INFOPLIST_FILE = Sledge.xcodeproj/SledgeTests_Info.plist;
				LD_RUNPATH_SEARCH_PATHS = "$(inherited) @loader_path/../Frameworks @loader_path/Frameworks";
				OTHER_CFLAGS = "$(inherited)";
				OTHER_LDFLAGS = "$(inherited)";
				OTHER_SWIFT_FLAGS = "$(inherited)";
				SWIFT_ACTIVE_COMPILATION_CONDITIONS = "$(inherited)";
				SWIFT_VERSION = 4.0;
				TARGET_NAME = SledgeTests;
			};
			name = Release;
		};
		OBJ_144 /* Debug */ = {
			isa = XCBuildConfiguration;
			buildSettings = {
				ENABLE_TESTABILITY = YES;
				FRAMEWORK_SEARCH_PATHS = (
					"$(inherited)",
					"$(PLATFORM_DIR)/Developer/Library/Frameworks",
				);
				HEADER_SEARCH_PATHS = "$(inherited)";
				INFOPLIST_FILE = Sledge.xcodeproj/StringPlus_Info.plist;
				LD_RUNPATH_SEARCH_PATHS = "$(inherited) $(TOOLCHAIN_DIR)/usr/lib/swift/macosx";
				OTHER_CFLAGS = "$(inherited)";
				OTHER_LDFLAGS = "$(inherited)";
				OTHER_SWIFT_FLAGS = "$(inherited)";
				PRODUCT_BUNDLE_IDENTIFIER = StringPlus;
				PRODUCT_MODULE_NAME = "$(TARGET_NAME:c99extidentifier)";
				PRODUCT_NAME = "$(TARGET_NAME:c99extidentifier)";
				SKIP_INSTALL = YES;
				SWIFT_ACTIVE_COMPILATION_CONDITIONS = "$(inherited)";
				SWIFT_VERSION = 4.0;
				TARGET_NAME = StringPlus;
			};
			name = Debug;
		};
		OBJ_145 /* Release */ = {
			isa = XCBuildConfiguration;
			buildSettings = {
				ENABLE_TESTABILITY = YES;
				FRAMEWORK_SEARCH_PATHS = (
					"$(inherited)",
					"$(PLATFORM_DIR)/Developer/Library/Frameworks",
				);
				HEADER_SEARCH_PATHS = "$(inherited)";
				INFOPLIST_FILE = Sledge.xcodeproj/StringPlus_Info.plist;
				LD_RUNPATH_SEARCH_PATHS = "$(inherited) $(TOOLCHAIN_DIR)/usr/lib/swift/macosx";
				OTHER_CFLAGS = "$(inherited)";
				OTHER_LDFLAGS = "$(inherited)";
				OTHER_SWIFT_FLAGS = "$(inherited)";
				PRODUCT_BUNDLE_IDENTIFIER = StringPlus;
				PRODUCT_MODULE_NAME = "$(TARGET_NAME:c99extidentifier)";
				PRODUCT_NAME = "$(TARGET_NAME:c99extidentifier)";
				SKIP_INSTALL = YES;
				SWIFT_ACTIVE_COMPILATION_CONDITIONS = "$(inherited)";
				SWIFT_VERSION = 4.0;
				TARGET_NAME = StringPlus;
			};
			name = Release;
		};
		OBJ_3 /* Debug */ = {
			isa = XCBuildConfiguration;
			buildSettings = {
				CLANG_ENABLE_OBJC_ARC = YES;
				COMBINE_HIDPI_IMAGES = YES;
				COPY_PHASE_STRIP = NO;
				DEBUG_INFORMATION_FORMAT = dwarf;
				DYLIB_INSTALL_NAME_BASE = "@rpath";
				ENABLE_NS_ASSERTIONS = YES;
				GCC_OPTIMIZATION_LEVEL = 0;
				GCC_PREPROCESSOR_DEFINITIONS = (
					"DEBUG=1",
					"$(inherited)",
				);
				MACOSX_DEPLOYMENT_TARGET = 10.10;
				ONLY_ACTIVE_ARCH = YES;
				OTHER_SWIFT_FLAGS = "-DXcode";
				PRODUCT_NAME = "$(TARGET_NAME)";
				SDKROOT = macosx;
				SUPPORTED_PLATFORMS = "macosx iphoneos iphonesimulator appletvos appletvsimulator watchos watchsimulator";
				SWIFT_ACTIVE_COMPILATION_CONDITIONS = "SWIFT_PACKAGE DEBUG";
				SWIFT_OPTIMIZATION_LEVEL = "-Onone";
				USE_HEADERMAP = NO;
			};
			name = Debug;
		};
		OBJ_4 /* Release */ = {
			isa = XCBuildConfiguration;
			buildSettings = {
				CLANG_ENABLE_OBJC_ARC = YES;
				COMBINE_HIDPI_IMAGES = YES;
				COPY_PHASE_STRIP = YES;
				DEBUG_INFORMATION_FORMAT = "dwarf-with-dsym";
				DYLIB_INSTALL_NAME_BASE = "@rpath";
				GCC_OPTIMIZATION_LEVEL = s;
				MACOSX_DEPLOYMENT_TARGET = 10.10;
				OTHER_SWIFT_FLAGS = "-DXcode";
				PRODUCT_NAME = "$(TARGET_NAME)";
				SDKROOT = macosx;
				SUPPORTED_PLATFORMS = "macosx iphoneos iphonesimulator appletvos appletvsimulator watchos watchsimulator";
				SWIFT_ACTIVE_COMPILATION_CONDITIONS = SWIFT_PACKAGE;
				SWIFT_OPTIMIZATION_LEVEL = "-Owholemodule";
				USE_HEADERMAP = NO;
			};
			name = Release;
		};
		OBJ_48 /* Debug */ = {
			isa = XCBuildConfiguration;
			buildSettings = {
				ENABLE_TESTABILITY = YES;
				FRAMEWORK_SEARCH_PATHS = (
					"$(inherited)",
					"$(PLATFORM_DIR)/Developer/Library/Frameworks",
				);
				HEADER_SEARCH_PATHS = "$(inherited)";
				INFOPLIST_FILE = Sledge.xcodeproj/CollectionPlus_Info.plist;
				LD_RUNPATH_SEARCH_PATHS = "$(inherited) $(TOOLCHAIN_DIR)/usr/lib/swift/macosx";
				OTHER_CFLAGS = "$(inherited)";
				OTHER_LDFLAGS = "$(inherited)";
				OTHER_SWIFT_FLAGS = "$(inherited)";
				PRODUCT_BUNDLE_IDENTIFIER = CollectionPlus;
				PRODUCT_MODULE_NAME = "$(TARGET_NAME:c99extidentifier)";
				PRODUCT_NAME = "$(TARGET_NAME:c99extidentifier)";
				SKIP_INSTALL = YES;
				SWIFT_ACTIVE_COMPILATION_CONDITIONS = "$(inherited)";
				SWIFT_VERSION = 4.0;
				TARGET_NAME = CollectionPlus;
			};
			name = Debug;
		};
		OBJ_49 /* Release */ = {
			isa = XCBuildConfiguration;
			buildSettings = {
				ENABLE_TESTABILITY = YES;
				FRAMEWORK_SEARCH_PATHS = (
					"$(inherited)",
					"$(PLATFORM_DIR)/Developer/Library/Frameworks",
				);
				HEADER_SEARCH_PATHS = "$(inherited)";
				INFOPLIST_FILE = Sledge.xcodeproj/CollectionPlus_Info.plist;
				LD_RUNPATH_SEARCH_PATHS = "$(inherited) $(TOOLCHAIN_DIR)/usr/lib/swift/macosx";
				OTHER_CFLAGS = "$(inherited)";
				OTHER_LDFLAGS = "$(inherited)";
				OTHER_SWIFT_FLAGS = "$(inherited)";
				PRODUCT_BUNDLE_IDENTIFIER = CollectionPlus;
				PRODUCT_MODULE_NAME = "$(TARGET_NAME:c99extidentifier)";
				PRODUCT_NAME = "$(TARGET_NAME:c99extidentifier)";
				SKIP_INSTALL = YES;
				SWIFT_ACTIVE_COMPILATION_CONDITIONS = "$(inherited)";
				SWIFT_VERSION = 4.0;
				TARGET_NAME = CollectionPlus;
			};
			name = Release;
		};
		OBJ_55 /* Debug */ = {
			isa = XCBuildConfiguration;
			buildSettings = {
				ENABLE_TESTABILITY = YES;
				FRAMEWORK_SEARCH_PATHS = (
					"$(inherited)",
					"$(PLATFORM_DIR)/Developer/Library/Frameworks",
				);
				HEADER_SEARCH_PATHS = "$(inherited)";
				INFOPLIST_FILE = Sledge.xcodeproj/Core_Info.plist;
				LD_RUNPATH_SEARCH_PATHS = "$(inherited) $(TOOLCHAIN_DIR)/usr/lib/swift/macosx";
				OTHER_CFLAGS = "$(inherited)";
				OTHER_LDFLAGS = "$(inherited)";
				OTHER_SWIFT_FLAGS = "$(inherited)";
				PRODUCT_BUNDLE_IDENTIFIER = Core;
				PRODUCT_MODULE_NAME = "$(TARGET_NAME:c99extidentifier)";
				PRODUCT_NAME = "$(TARGET_NAME:c99extidentifier)";
				SKIP_INSTALL = YES;
				SWIFT_ACTIVE_COMPILATION_CONDITIONS = "$(inherited)";
				SWIFT_VERSION = 4.0;
				TARGET_NAME = Core;
			};
			name = Debug;
		};
		OBJ_56 /* Release */ = {
			isa = XCBuildConfiguration;
			buildSettings = {
				ENABLE_TESTABILITY = YES;
				FRAMEWORK_SEARCH_PATHS = (
					"$(inherited)",
					"$(PLATFORM_DIR)/Developer/Library/Frameworks",
				);
				HEADER_SEARCH_PATHS = "$(inherited)";
				INFOPLIST_FILE = Sledge.xcodeproj/Core_Info.plist;
				LD_RUNPATH_SEARCH_PATHS = "$(inherited) $(TOOLCHAIN_DIR)/usr/lib/swift/macosx";
				OTHER_CFLAGS = "$(inherited)";
				OTHER_LDFLAGS = "$(inherited)";
				OTHER_SWIFT_FLAGS = "$(inherited)";
				PRODUCT_BUNDLE_IDENTIFIER = Core;
				PRODUCT_MODULE_NAME = "$(TARGET_NAME:c99extidentifier)";
				PRODUCT_NAME = "$(TARGET_NAME:c99extidentifier)";
				SKIP_INSTALL = YES;
				SWIFT_ACTIVE_COMPILATION_CONDITIONS = "$(inherited)";
				SWIFT_VERSION = 4.0;
				TARGET_NAME = Core;
			};
			name = Release;
		};
		OBJ_63 /* Debug */ = {
			isa = XCBuildConfiguration;
			buildSettings = {
				ENABLE_TESTABILITY = YES;
				FRAMEWORK_SEARCH_PATHS = (
					"$(inherited)",
					"$(PLATFORM_DIR)/Developer/Library/Frameworks",
				);
				HEADER_SEARCH_PATHS = "$(inherited)";
				INFOPLIST_FILE = Sledge.xcodeproj/Generator_Info.plist;
				LD_RUNPATH_SEARCH_PATHS = "$(inherited) $(TOOLCHAIN_DIR)/usr/lib/swift/macosx";
				OTHER_CFLAGS = "$(inherited)";
				OTHER_LDFLAGS = "$(inherited)";
				OTHER_SWIFT_FLAGS = "$(inherited)";
				PRODUCT_BUNDLE_IDENTIFIER = Generator;
				PRODUCT_MODULE_NAME = "$(TARGET_NAME:c99extidentifier)";
				PRODUCT_NAME = "$(TARGET_NAME:c99extidentifier)";
				SKIP_INSTALL = YES;
				SWIFT_ACTIVE_COMPILATION_CONDITIONS = "$(inherited)";
				SWIFT_VERSION = 4.0;
				TARGET_NAME = Generator;
			};
			name = Debug;
		};
		OBJ_64 /* Release */ = {
			isa = XCBuildConfiguration;
			buildSettings = {
				ENABLE_TESTABILITY = YES;
				FRAMEWORK_SEARCH_PATHS = (
					"$(inherited)",
					"$(PLATFORM_DIR)/Developer/Library/Frameworks",
				);
				HEADER_SEARCH_PATHS = "$(inherited)";
				INFOPLIST_FILE = Sledge.xcodeproj/Generator_Info.plist;
				LD_RUNPATH_SEARCH_PATHS = "$(inherited) $(TOOLCHAIN_DIR)/usr/lib/swift/macosx";
				OTHER_CFLAGS = "$(inherited)";
				OTHER_LDFLAGS = "$(inherited)";
				OTHER_SWIFT_FLAGS = "$(inherited)";
				PRODUCT_BUNDLE_IDENTIFIER = Generator;
				PRODUCT_MODULE_NAME = "$(TARGET_NAME:c99extidentifier)";
				PRODUCT_NAME = "$(TARGET_NAME:c99extidentifier)";
				SKIP_INSTALL = YES;
				SWIFT_ACTIVE_COMPILATION_CONDITIONS = "$(inherited)";
				SWIFT_VERSION = 4.0;
				TARGET_NAME = Generator;
			};
			name = Release;
		};
		OBJ_72 /* Debug */ = {
			isa = XCBuildConfiguration;
			buildSettings = {
				CLANG_ENABLE_MODULES = YES;
				EMBEDDED_CONTENT_CONTAINS_SWIFT = YES;
				FRAMEWORK_SEARCH_PATHS = (
					"$(inherited)",
					"$(PLATFORM_DIR)/Developer/Library/Frameworks",
				);
				HEADER_SEARCH_PATHS = "$(inherited)";
				INFOPLIST_FILE = Sledge.xcodeproj/GeneratorTests_Info.plist;
				LD_RUNPATH_SEARCH_PATHS = "$(inherited) @loader_path/../Frameworks @loader_path/Frameworks";
				OTHER_CFLAGS = "$(inherited)";
				OTHER_LDFLAGS = "$(inherited)";
				OTHER_SWIFT_FLAGS = "$(inherited)";
				SWIFT_ACTIVE_COMPILATION_CONDITIONS = "$(inherited)";
				SWIFT_VERSION = 4.0;
				TARGET_NAME = GeneratorTests;
			};
			name = Debug;
		};
		OBJ_73 /* Release */ = {
			isa = XCBuildConfiguration;
			buildSettings = {
				CLANG_ENABLE_MODULES = YES;
				EMBEDDED_CONTENT_CONTAINS_SWIFT = YES;
				FRAMEWORK_SEARCH_PATHS = (
					"$(inherited)",
					"$(PLATFORM_DIR)/Developer/Library/Frameworks",
				);
				HEADER_SEARCH_PATHS = "$(inherited)";
				INFOPLIST_FILE = Sledge.xcodeproj/GeneratorTests_Info.plist;
				LD_RUNPATH_SEARCH_PATHS = "$(inherited) @loader_path/../Frameworks @loader_path/Frameworks";
				OTHER_CFLAGS = "$(inherited)";
				OTHER_LDFLAGS = "$(inherited)";
				OTHER_SWIFT_FLAGS = "$(inherited)";
				SWIFT_ACTIVE_COMPILATION_CONDITIONS = "$(inherited)";
				SWIFT_VERSION = 4.0;
				TARGET_NAME = GeneratorTests;
			};
			name = Release;
		};
		OBJ_83 /* Debug */ = {
			isa = XCBuildConfiguration;
			buildSettings = {
				ENABLE_TESTABILITY = YES;
				FRAMEWORK_SEARCH_PATHS = (
					"$(inherited)",
					"$(PLATFORM_DIR)/Developer/Library/Frameworks",
				);
				HEADER_SEARCH_PATHS = "$(inherited)";
				INFOPLIST_FILE = Sledge.xcodeproj/POSIX_Info.plist;
				LD_RUNPATH_SEARCH_PATHS = "$(inherited) $(TOOLCHAIN_DIR)/usr/lib/swift/macosx";
				OTHER_CFLAGS = "$(inherited)";
				OTHER_LDFLAGS = "$(inherited)";
				OTHER_SWIFT_FLAGS = "$(inherited)";
				PRODUCT_BUNDLE_IDENTIFIER = POSIX;
				PRODUCT_MODULE_NAME = "$(TARGET_NAME:c99extidentifier)";
				PRODUCT_NAME = "$(TARGET_NAME:c99extidentifier)";
				SKIP_INSTALL = YES;
				SWIFT_ACTIVE_COMPILATION_CONDITIONS = "$(inherited)";
				SWIFT_VERSION = 4.0;
				TARGET_NAME = POSIX;
			};
			name = Debug;
		};
		OBJ_84 /* Release */ = {
			isa = XCBuildConfiguration;
			buildSettings = {
				ENABLE_TESTABILITY = YES;
				FRAMEWORK_SEARCH_PATHS = (
					"$(inherited)",
					"$(PLATFORM_DIR)/Developer/Library/Frameworks",
				);
				HEADER_SEARCH_PATHS = "$(inherited)";
				INFOPLIST_FILE = Sledge.xcodeproj/POSIX_Info.plist;
				LD_RUNPATH_SEARCH_PATHS = "$(inherited) $(TOOLCHAIN_DIR)/usr/lib/swift/macosx";
				OTHER_CFLAGS = "$(inherited)";
				OTHER_LDFLAGS = "$(inherited)";
				OTHER_SWIFT_FLAGS = "$(inherited)";
				PRODUCT_BUNDLE_IDENTIFIER = POSIX;
				PRODUCT_MODULE_NAME = "$(TARGET_NAME:c99extidentifier)";
				PRODUCT_NAME = "$(TARGET_NAME:c99extidentifier)";
				SKIP_INSTALL = YES;
				SWIFT_ACTIVE_COMPILATION_CONDITIONS = "$(inherited)";
				SWIFT_VERSION = 4.0;
				TARGET_NAME = POSIX;
			};
			name = Release;
		};
		OBJ_90 /* Debug */ = {
			isa = XCBuildConfiguration;
			buildSettings = {
				ENABLE_TESTABILITY = YES;
				FRAMEWORK_SEARCH_PATHS = (
					"$(inherited)",
					"$(PLATFORM_DIR)/Developer/Library/Frameworks",
				);
				HEADER_SEARCH_PATHS = "$(inherited)";
				INFOPLIST_FILE = Sledge.xcodeproj/SafeAccessible_Info.plist;
				LD_RUNPATH_SEARCH_PATHS = "$(inherited) $(TOOLCHAIN_DIR)/usr/lib/swift/macosx";
				OTHER_CFLAGS = "$(inherited)";
				OTHER_LDFLAGS = "$(inherited)";
				OTHER_SWIFT_FLAGS = "$(inherited)";
				PRODUCT_BUNDLE_IDENTIFIER = SafeAccessible;
				PRODUCT_MODULE_NAME = "$(TARGET_NAME:c99extidentifier)";
				PRODUCT_NAME = "$(TARGET_NAME:c99extidentifier)";
				SKIP_INSTALL = YES;
				SWIFT_ACTIVE_COMPILATION_CONDITIONS = "$(inherited)";
				SWIFT_VERSION = 4.0;
				TARGET_NAME = SafeAccessible;
			};
			name = Debug;
		};
		OBJ_91 /* Release */ = {
			isa = XCBuildConfiguration;
			buildSettings = {
				ENABLE_TESTABILITY = YES;
				FRAMEWORK_SEARCH_PATHS = (
					"$(inherited)",
					"$(PLATFORM_DIR)/Developer/Library/Frameworks",
				);
				HEADER_SEARCH_PATHS = "$(inherited)";
				INFOPLIST_FILE = Sledge.xcodeproj/SafeAccessible_Info.plist;
				LD_RUNPATH_SEARCH_PATHS = "$(inherited) $(TOOLCHAIN_DIR)/usr/lib/swift/macosx";
				OTHER_CFLAGS = "$(inherited)";
				OTHER_LDFLAGS = "$(inherited)";
				OTHER_SWIFT_FLAGS = "$(inherited)";
				PRODUCT_BUNDLE_IDENTIFIER = SafeAccessible;
				PRODUCT_MODULE_NAME = "$(TARGET_NAME:c99extidentifier)";
				PRODUCT_NAME = "$(TARGET_NAME:c99extidentifier)";
				SKIP_INSTALL = YES;
				SWIFT_ACTIVE_COMPILATION_CONDITIONS = "$(inherited)";
				SWIFT_VERSION = 4.0;
				TARGET_NAME = SafeAccessible;
			};
			name = Release;
		};
		OBJ_99 /* Debug */ = {
			isa = XCBuildConfiguration;
			buildSettings = {
				CLANG_ENABLE_MODULES = YES;
				EMBEDDED_CONTENT_CONTAINS_SWIFT = YES;
				FRAMEWORK_SEARCH_PATHS = (
					"$(inherited)",
					"$(PLATFORM_DIR)/Developer/Library/Frameworks",
				);
				HEADER_SEARCH_PATHS = "$(inherited)";
				INFOPLIST_FILE = Sledge.xcodeproj/SafeAccessibleTests_Info.plist;
				LD_RUNPATH_SEARCH_PATHS = "$(inherited) @loader_path/../Frameworks @loader_path/Frameworks";
				OTHER_CFLAGS = "$(inherited)";
				OTHER_LDFLAGS = "$(inherited)";
				OTHER_SWIFT_FLAGS = "$(inherited)";
				SWIFT_ACTIVE_COMPILATION_CONDITIONS = "$(inherited)";
				SWIFT_VERSION = 4.0;
				TARGET_NAME = SafeAccessibleTests;
			};
			name = Debug;
		};
/* End XCBuildConfiguration section */

/* Begin XCConfigurationList section */
		OBJ_107 /* Build configuration list for PBXNativeTarget "SemVer" */ = {
			isa = XCConfigurationList;
			buildConfigurations = (
				OBJ_108 /* Debug */,
				OBJ_109 /* Release */,
			);
			defaultConfigurationIsVisible = 0;
			defaultConfigurationName = Release;
		};
		OBJ_114 /* Build configuration list for PBXNativeTarget "Sledge" */ = {
			isa = XCConfigurationList;
			buildConfigurations = (
				OBJ_115 /* Debug */,
				OBJ_116 /* Release */,
			);
			defaultConfigurationIsVisible = 0;
			defaultConfigurationName = Release;
		};
		OBJ_121 /* Build configuration list for PBXNativeTarget "SledgePackageDescription" */ = {
			isa = XCConfigurationList;
			buildConfigurations = (
				OBJ_122 /* Debug */,
				OBJ_123 /* Release */,
			);
			defaultConfigurationIsVisible = 0;
			defaultConfigurationName = Release;
		};
		OBJ_127 /* Build configuration list for PBXAggregateTarget "SledgePackageTests" */ = {
			isa = XCConfigurationList;
			buildConfigurations = (
				OBJ_128 /* Debug */,
				OBJ_129 /* Release */,
			);
			defaultConfigurationIsVisible = 0;
			defaultConfigurationName = Release;
		};
		OBJ_134 /* Build configuration list for PBXNativeTarget "SledgeTests" */ = {
			isa = XCConfigurationList;
			buildConfigurations = (
				OBJ_135 /* Debug */,
				OBJ_136 /* Release */,
			);
			defaultConfigurationIsVisible = 0;
			defaultConfigurationName = Release;
		};
		OBJ_143 /* Build configuration list for PBXNativeTarget "StringPlus" */ = {
			isa = XCConfigurationList;
			buildConfigurations = (
				OBJ_144 /* Debug */,
				OBJ_145 /* Release */,
			);
			defaultConfigurationIsVisible = 0;
			defaultConfigurationName = Release;
		};
		OBJ_2 /* Build configuration list for PBXProject "Sledge" */ = {
			isa = XCConfigurationList;
			buildConfigurations = (
				OBJ_3 /* Debug */,
				OBJ_4 /* Release */,
			);
			defaultConfigurationIsVisible = 0;
			defaultConfigurationName = Release;
		};
		OBJ_47 /* Build configuration list for PBXNativeTarget "CollectionPlus" */ = {
			isa = XCConfigurationList;
			buildConfigurations = (
				OBJ_48 /* Debug */,
				OBJ_49 /* Release */,
			);
			defaultConfigurationIsVisible = 0;
			defaultConfigurationName = Release;
		};
		OBJ_54 /* Build configuration list for PBXNativeTarget "Core" */ = {
			isa = XCConfigurationList;
			buildConfigurations = (
				OBJ_55 /* Debug */,
				OBJ_56 /* Release */,
			);
			defaultConfigurationIsVisible = 0;
			defaultConfigurationName = Release;
		};
		OBJ_62 /* Build configuration list for PBXNativeTarget "Generator" */ = {
			isa = XCConfigurationList;
			buildConfigurations = (
				OBJ_63 /* Debug */,
				OBJ_64 /* Release */,
			);
			defaultConfigurationIsVisible = 0;
			defaultConfigurationName = Release;
		};
		OBJ_71 /* Build configuration list for PBXNativeTarget "GeneratorTests" */ = {
			isa = XCConfigurationList;
			buildConfigurations = (
				OBJ_72 /* Debug */,
				OBJ_73 /* Release */,
			);
			defaultConfigurationIsVisible = 0;
			defaultConfigurationName = Release;
		};
		OBJ_82 /* Build configuration list for PBXNativeTarget "POSIX" */ = {
			isa = XCConfigurationList;
			buildConfigurations = (
				OBJ_83 /* Debug */,
				OBJ_84 /* Release */,
			);
			defaultConfigurationIsVisible = 0;
			defaultConfigurationName = Release;
		};
		OBJ_89 /* Build configuration list for PBXNativeTarget "SafeAccessible" */ = {
			isa = XCConfigurationList;
			buildConfigurations = (
				OBJ_90 /* Debug */,
				OBJ_91 /* Release */,
			);
			defaultConfigurationIsVisible = 0;
			defaultConfigurationName = Release;
		};
		OBJ_98 /* Build configuration list for PBXNativeTarget "SafeAccessibleTests" */ = {
			isa = XCConfigurationList;
			buildConfigurations = (
				OBJ_99 /* Debug */,
				OBJ_100 /* Release */,
			);
			defaultConfigurationIsVisible = 0;
			defaultConfigurationName = Release;
		};
/* End XCConfigurationList section */
	};
	rootObject = OBJ_1 /* Project object */;
}
